
Microsoft Visual Studio Solution File, Format Version 12.00
# Visual Studio Version 16
VisualStudioVersion = 16.0.30709.132
MinimumVisualStudioVersion = 10.0.40219.1
Project("{9A19103F-16F7-4668-BE54-9A1E7A4F7556}") = "primerAngular", "primerAngular\primerAngular.csproj", "{ED688598-AE03-4448-A22C-B34E3CF9BBA9}"
EndProject
Project("{FAE04EC0-301F-11D3-BF4B-00C04F79EFBC}") = "Logica", "Logica\Logica.csproj", "{C680C284-415E-4E51-B44F-DB75665249B9}"
EndProject
Global
	GlobalSection(SolutionConfigurationPlatforms) = preSolution
		Debug|Any CPU = Debug|Any CPU
		Release|Any CPU = Release|Any CPU
	EndGlobalSection
	GlobalSection(ProjectConfigurationPlatforms) = postSolution
		{ED688598-AE03-4448-A22C-B34E3CF9BBA9}.Debug|Any CPU.ActiveCfg = Debug|Any CPU
		{ED688598-AE03-4448-A22C-B34E3CF9BBA9}.Debug|Any CPU.Build.0 = Debug|Any CPU
		{ED688598-AE03-4448-A22C-B34E3CF9BBA9}.Release|Any CPU.ActiveCfg = Release|Any CPU
		{ED688598-AE03-4448-A22C-B34E3CF9BBA9}.Release|Any CPU.Build.0 = Release|Any CPU
		{C680C284-415E-4E51-B44F-DB75665249B9}.Debug|Any CPU.ActiveCfg = Debug|Any CPU
		{C680C284-415E-4E51-B44F-DB75665249B9}.Debug|Any CPU.Build.0 = Debug|Any CPU
		{C680C284-415E-4E51-B44F-DB75665249B9}.Release|Any CPU.ActiveCfg = Release|Any CPU
		{C680C284-415E-4E51-B44F-DB75665249B9}.Release|Any CPU.Build.0 = Release|Any CPU
	EndGlobalSection
	GlobalSection(SolutionProperties) = preSolution
		HideSolutionNode = FALSE
	EndGlobalSection
	GlobalSection(ExtensibilityGlobals) = postSolution
		SolutionGuid = {6A64275B-448D-444B-82D3-11A5731BC4B0}
	EndGlobalSection
EndGlobal
